
Microsoft Visual Studio Solution File, Format Version 12.00
# Visual Studio Version 17
VisualStudioVersion = 17.5.002.0
MinimumVisualStudioVersion = 10.0.40219.1
Project("{2150E333-8FDC-42A3-9474-1A3956D46DE8}") = "backend", "backend", "{A076AFD7-DF8D-4894-82C0-366350E7A0E5}"
EndProject
Project("{9A19103F-16F7-4668-BE54-9A1E7A4F7556}") = "game-service", "backend\game-service\game-service.csproj", "{35081BBB-BAA3-466A-A88F-A7C3C6A98201}"
EndProject
Project("{FAE04EC0-301F-11D3-BF4B-00C04F79EFBC}") = "authentication-service", "backend\authentication-service\authentication-service.csproj", "{C930C0CC-125C-49A2-9E1D-E91CD5BC4F56}"
EndProject
Project("{FAE04EC0-301F-11D3-BF4B-00C04F79EFBC}") = "authorization-service", "backend\authorization-service\authorization-service.csproj", "{75455C75-54B2-4812-8B42-4ED41460587F}"
EndProject
Global
	GlobalSection(SolutionConfigurationPlatforms) = preSolution
		Debug|Any CPU = Debug|Any CPU
		Release|Any CPU = Release|Any CPU
	EndGlobalSection
	GlobalSection(ProjectConfigurationPlatforms) = postSolution
		{35081BBB-BAA3-466A-A88F-A7C3C6A98201}.Debug|Any CPU.ActiveCfg = Debug|Any CPU
		{35081BBB-BAA3-466A-A88F-A7C3C6A98201}.Debug|Any CPU.Build.0 = Debug|Any CPU
		{35081BBB-BAA3-466A-A88F-A7C3C6A98201}.Release|Any CPU.ActiveCfg = Release|Any CPU
		{35081BBB-BAA3-466A-A88F-A7C3C6A98201}.Release|Any CPU.Build.0 = Release|Any CPU
		{C930C0CC-125C-49A2-9E1D-E91CD5BC4F56}.Debug|Any CPU.ActiveCfg = Debug|Any CPU
		{C930C0CC-125C-49A2-9E1D-E91CD5BC4F56}.Debug|Any CPU.Build.0 = Debug|Any CPU
		{C930C0CC-125C-49A2-9E1D-E91CD5BC4F56}.Release|Any CPU.ActiveCfg = Release|Any CPU
		{C930C0CC-125C-49A2-9E1D-E91CD5BC4F56}.Release|Any CPU.Build.0 = Release|Any CPU
		{75455C75-54B2-4812-8B42-4ED41460587F}.Debug|Any CPU.ActiveCfg = Debug|Any CPU
		{75455C75-54B2-4812-8B42-4ED41460587F}.Debug|Any CPU.Build.0 = Debug|Any CPU
		{75455C75-54B2-4812-8B42-4ED41460587F}.Release|Any CPU.ActiveCfg = Release|Any CPU
		{75455C75-54B2-4812-8B42-4ED41460587F}.Release|Any CPU.Build.0 = Release|Any CPU
	EndGlobalSection
	GlobalSection(SolutionProperties) = preSolution
		HideSolutionNode = FALSE
	EndGlobalSection
	GlobalSection(NestedProjects) = preSolution
		{35081BBB-BAA3-466A-A88F-A7C3C6A98201} = {A076AFD7-DF8D-4894-82C0-366350E7A0E5}
		{C930C0CC-125C-49A2-9E1D-E91CD5BC4F56} = {A076AFD7-DF8D-4894-82C0-366350E7A0E5}
		{75455C75-54B2-4812-8B42-4ED41460587F} = {A076AFD7-DF8D-4894-82C0-366350E7A0E5}
	EndGlobalSection
	GlobalSection(ExtensibilityGlobals) = postSolution
		SolutionGuid = {819115BA-94E8-47F5-BB16-5FCF6C71AA54}
	EndGlobalSection
EndGlobal
